
Microsoft Visual Studio Solution File, Format Version 12.00
# Visual Studio Version 16
VisualStudioVersion = 16.0.31112.23
MinimumVisualStudioVersion = 10.0.40219.1
Project("{FAE04EC0-301F-11D3-BF4B-00C04F79EFBC}") = "Ejercicio_Int", "Ejercicio_Int\Ejercicio_Int.csproj", "{100A01F1-D2AD-484F-9A28-A31BAD6089E7}"
EndProject
Project("{FAE04EC0-301F-11D3-BF4B-00C04F79EFBC}") = "Calculo_Perimetro", "Calculo_Perimetro\Calculo_Perimetro.csproj", "{57C4EE29-8A08-4457-B193-8C2DA4310B49}"
EndProject
Project("{FAE04EC0-301F-11D3-BF4B-00C04F79EFBC}") = "Ejercicio_String", "Ejercicio_String\Ejercicio_String.csproj", "{06FB0533-BDEF-49B0-82A0-24A3771B8B93}"
EndProject
Global
	GlobalSection(SolutionConfigurationPlatforms) = preSolution
		Debug|Any CPU = Debug|Any CPU
		Release|Any CPU = Release|Any CPU
	EndGlobalSection
	GlobalSection(ProjectConfigurationPlatforms) = postSolution
		{100A01F1-D2AD-484F-9A28-A31BAD6089E7}.Debug|Any CPU.ActiveCfg = Debug|Any CPU
		{100A01F1-D2AD-484F-9A28-A31BAD6089E7}.Debug|Any CPU.Build.0 = Debug|Any CPU
		{100A01F1-D2AD-484F-9A28-A31BAD6089E7}.Release|Any CPU.ActiveCfg = Release|Any CPU
		{100A01F1-D2AD-484F-9A28-A31BAD6089E7}.Release|Any CPU.Build.0 = Release|Any CPU
		{57C4EE29-8A08-4457-B193-8C2DA4310B49}.Debug|Any CPU.ActiveCfg = Debug|Any CPU
		{57C4EE29-8A08-4457-B193-8C2DA4310B49}.Debug|Any CPU.Build.0 = Debug|Any CPU
		{57C4EE29-8A08-4457-B193-8C2DA4310B49}.Release|Any CPU.ActiveCfg = Release|Any CPU
		{57C4EE29-8A08-4457-B193-8C2DA4310B49}.Release|Any CPU.Build.0 = Release|Any CPU
		{06FB0533-BDEF-49B0-82A0-24A3771B8B93}.Debug|Any CPU.ActiveCfg = Debug|Any CPU
		{06FB0533-BDEF-49B0-82A0-24A3771B8B93}.Debug|Any CPU.Build.0 = Debug|Any CPU
		{06FB0533-BDEF-49B0-82A0-24A3771B8B93}.Release|Any CPU.ActiveCfg = Release|Any CPU
		{06FB0533-BDEF-49B0-82A0-24A3771B8B93}.Release|Any CPU.Build.0 = Release|Any CPU
	EndGlobalSection
	GlobalSection(SolutionProperties) = preSolution
		HideSolutionNode = FALSE
	EndGlobalSection
	GlobalSection(ExtensibilityGlobals) = postSolution
		SolutionGuid = {314D3B52-5DAF-430E-9A79-57465A7D8374}
	EndGlobalSection
EndGlobal
